
Microsoft Visual Studio Solution File, Format Version 12.00
# Visual Studio 15
VisualStudioVersion = 15.0.27428.2043
MinimumVisualStudioVersion = 10.0.40219.1
Project("{E24C65DC-7377-472B-9ABA-BC803B73C61A}") = "BasketShop", "BasketShop\", "{31073B74-C9D3-431C-8E76-1674FBCC6AA2}"
	ProjectSection(WebsiteProperties) = preProject
		TargetFrameworkMoniker = ".NETFramework,Version%3Dv4.6.1"
		Debug.AspNetCompiler.VirtualPath = "/localhost_19725"
		Debug.AspNetCompiler.PhysicalPath = "BasketShop\"
		Debug.AspNetCompiler.TargetPath = "PrecompiledWeb\localhost_19725\"
		Debug.AspNetCompiler.Updateable = "true"
		Debug.AspNetCompiler.ForceOverwrite = "true"
		Debug.AspNetCompiler.FixedNames = "false"
		Debug.AspNetCompiler.Debug = "True"
		Release.AspNetCompiler.VirtualPath = "/localhost_19725"
		Release.AspNetCompiler.PhysicalPath = "BasketShop\"
		Release.AspNetCompiler.TargetPath = "PrecompiledWeb\localhost_19725\"
		Release.AspNetCompiler.Updateable = "true"
		Release.AspNetCompiler.ForceOverwrite = "true"
		Release.AspNetCompiler.FixedNames = "false"
		Release.AspNetCompiler.Debug = "False"
		VWDPort = "19725"
		SlnRelativePath = "BasketShop\"
		DefaultWebSiteLanguage = "Visual C#"
	EndProjectSection
EndProject
Global
	GlobalSection(SolutionConfigurationPlatforms) = preSolution
		Debug|Any CPU = Debug|Any CPU
	EndGlobalSection
	GlobalSection(ProjectConfigurationPlatforms) = postSolution
		{31073B74-C9D3-431C-8E76-1674FBCC6AA2}.Debug|Any CPU.ActiveCfg = Debug|Any CPU
		{31073B74-C9D3-431C-8E76-1674FBCC6AA2}.Debug|Any CPU.Build.0 = Debug|Any CPU
	EndGlobalSection
	GlobalSection(SolutionProperties) = preSolution
		HideSolutionNode = FALSE
	EndGlobalSection
	GlobalSection(ExtensibilityGlobals) = postSolution
		SolutionGuid = {1FE5FCD9-C893-43D8-BA84-C84AA8170B6F}
	EndGlobalSection
EndGlobal
